
Microsoft Visual Studio Solution File, Format Version 12.00
# Visual Studio Version 17
VisualStudioVersion = 17.1.32421.90
MinimumVisualStudioVersion = 10.0.40219.1
Project("{FAE04EC0-301F-11D3-BF4B-00C04F79EFBC}") = "Demo", "Demo.csproj", "{E7A9D35B-6630-4262-A8CD-98066D55AF0E}"
EndProject
Project("{FAE04EC0-301F-11D3-BF4B-00C04F79EFBC}") = "PointDemo", "..\PointDemo\PointDemo.csproj", "{CDEB6B6D-71EC-4F66-BC2D-CC110DB10019}"
EndProject
Global
	GlobalSection(SolutionConfigurationPlatforms) = preSolution
		Debug|Any CPU = Debug|Any CPU
		Release|Any CPU = Release|Any CPU
	EndGlobalSection
	GlobalSection(ProjectConfigurationPlatforms) = postSolution
		{E7A9D35B-6630-4262-A8CD-98066D55AF0E}.Debug|Any CPU.ActiveCfg = Debug|Any CPU
		{E7A9D35B-6630-4262-A8CD-98066D55AF0E}.Debug|Any CPU.Build.0 = Debug|Any CPU
		{E7A9D35B-6630-4262-A8CD-98066D55AF0E}.Release|Any CPU.ActiveCfg = Release|Any CPU
		{E7A9D35B-6630-4262-A8CD-98066D55AF0E}.Release|Any CPU.Build.0 = Release|Any CPU
		{CDEB6B6D-71EC-4F66-BC2D-CC110DB10019}.Debug|Any CPU.ActiveCfg = Debug|Any CPU
		{CDEB6B6D-71EC-4F66-BC2D-CC110DB10019}.Debug|Any CPU.Build.0 = Debug|Any CPU
		{CDEB6B6D-71EC-4F66-BC2D-CC110DB10019}.Release|Any CPU.ActiveCfg = Release|Any CPU
		{CDEB6B6D-71EC-4F66-BC2D-CC110DB10019}.Release|Any CPU.Build.0 = Release|Any CPU
	EndGlobalSection
	GlobalSection(SolutionProperties) = preSolution
		HideSolutionNode = FALSE
	EndGlobalSection
	GlobalSection(ExtensibilityGlobals) = postSolution
		SolutionGuid = {02F8087F-B3ED-428C-B5DD-A1CA24A88EE6}
	EndGlobalSection
EndGlobal
