
Microsoft Visual Studio Solution File, Format Version 12.00
# Visual Studio Version 16
VisualStudioVersion = 16.0.30907.101
MinimumVisualStudioVersion = 10.0.40219.1
Project("{FAE04EC0-301F-11D3-BF4B-00C04F79EFBC}") = "DeepEquality.Tests", "DeepEquality.Tests\DeepEquality.Tests.csproj", "{D05C85B9-CDA6-446B-B30A-0BA60798CAAB}"
EndProject
Project("{FAE04EC0-301F-11D3-BF4B-00C04F79EFBC}") = "DeepEquality", "DeepEquality\DeepEquality.csproj", "{FE122BF3-3ABC-4C71-A362-02569A68B6C8}"
EndProject
Global
	GlobalSection(SolutionConfigurationPlatforms) = preSolution
		Debug|Any CPU = Debug|Any CPU
		Release|Any CPU = Release|Any CPU
	EndGlobalSection
	GlobalSection(ProjectConfigurationPlatforms) = postSolution
		{D05C85B9-CDA6-446B-B30A-0BA60798CAAB}.Debug|Any CPU.ActiveCfg = Debug|Any CPU
		{D05C85B9-CDA6-446B-B30A-0BA60798CAAB}.Debug|Any CPU.Build.0 = Debug|Any CPU
		{D05C85B9-CDA6-446B-B30A-0BA60798CAAB}.Release|Any CPU.ActiveCfg = Release|Any CPU
		{D05C85B9-CDA6-446B-B30A-0BA60798CAAB}.Release|Any CPU.Build.0 = Release|Any CPU
		{FE122BF3-3ABC-4C71-A362-02569A68B6C8}.Debug|Any CPU.ActiveCfg = Debug|Any CPU
		{FE122BF3-3ABC-4C71-A362-02569A68B6C8}.Debug|Any CPU.Build.0 = Debug|Any CPU
		{FE122BF3-3ABC-4C71-A362-02569A68B6C8}.Release|Any CPU.ActiveCfg = Release|Any CPU
		{FE122BF3-3ABC-4C71-A362-02569A68B6C8}.Release|Any CPU.Build.0 = Release|Any CPU
	EndGlobalSection
	GlobalSection(SolutionProperties) = preSolution
		HideSolutionNode = FALSE
	EndGlobalSection
	GlobalSection(ExtensibilityGlobals) = postSolution
		SolutionGuid = {498A5C12-F376-45B2-8FCE-6D46445455C4}
	EndGlobalSection
EndGlobal
